PODS:
  - Braintree/ApplePay (5.6.3):
    - Braintree/Core
  - Braintree/Card (5.6.3):
    - Braintree/Core
  - Braintree/Core (5.6.3)
  - Braintree/PaymentFlow (5.6.3):
    - Braintree/Core
    - Braintree/PayPalDataCollector
  - Braintree/PayPal (5.6.3):
    - Braintree/Core
    - Braintree/PayPalDataCollector
  - Braintree/PayPalDataCollector (5.6.3)
  - Braintree/ThreeDSecure (5.6.3):
    - Braintree/Card
    - Braintree/PaymentFlow
  - Braintree/UnionPay (5.6.3):
    - Braintree/Card
  - Braintree/Venmo (5.6.3):
    - Braintree/Core
  - BraintreeDropIn (9.4.0):
    - Braintree/ApplePay (~> 5.6.1)
    - Braintree/Card (~> 5.6.1)
    - Braintree/Core (~> 5.6.1)
    - Braintree/PayPal (~> 5.6.1)
    - Braintree/ThreeDSecure (~> 5.6.1)
    - Braintree/UnionPay (~> 5.6.1)
    - Braintree/Venmo (~> 5.6.1)
  - camera_avfoundation (0.0.1):
    - Flutter
  - Flutter (1.0.0)
  - flutter_braintree (1.0.0):
    - Braintree/ApplePay (~> 5.6.3)
    - Braintree/PayPal (~> 5.6.3)
    - BraintreeDropIn (= 9.4.0)
    - Flutter
  - image_picker_ios (0.0.1):
    - Flutter
  - path_provider_foundation (0.0.1):
    - Flutter
    - FlutterMacOS
  - permission_handler_apple (9.3.0):
    - Flutter
  - shared_preferences_foundation (0.0.1):
    - Flutter
    - FlutterMacOS
  - sqflite_darwin (0.0.4):
    - Flutter
    - FlutterMacOS
  - webview_flutter_wkwebview (0.0.1):
    - Flutter
    - FlutterMacOS

DEPENDENCIES:
  - camera_avfoundation (from `.symlinks/plugins/camera_avfoundation/ios`)
  - Flutter (from `Flutter`)
  - flutter_braintree (from `.symlinks/plugins/flutter_braintree/ios`)
  - image_picker_ios (from `.symlinks/plugins/image_picker_ios/ios`)
  - path_provider_foundation (from `.symlinks/plugins/path_provider_foundation/darwin`)
  - permission_handler_apple (from `.symlinks/plugins/permission_handler_apple/ios`)
  - shared_preferences_foundation (from `.symlinks/plugins/shared_preferences_foundation/darwin`)
  - sqflite_darwin (from `.symlinks/plugins/sqflite_darwin/darwin`)
  - webview_flutter_wkwebview (from `.symlinks/plugins/webview_flutter_wkwebview/darwin`)

SPEC REPOS:
  trunk:
    - Braintree
    - BraintreeDropIn

EXTERNAL SOURCES:
  camera_avfoundation:
    :path: ".symlinks/plugins/camera_avfoundation/ios"
  Flutter:
    :path: Flutter
  flutter_braintree:
    :path: ".symlinks/plugins/flutter_braintree/ios"
  image_picker_ios:
    :path: ".symlinks/plugins/image_picker_ios/ios"
  path_provider_foundation:
    :path: ".symlinks/plugins/path_provider_foundation/darwin"
  permission_handler_apple:
    :path: ".symlinks/plugins/permission_handler_apple/ios"
  shared_preferences_foundation:
    :path: ".symlinks/plugins/shared_preferences_foundation/darwin"
  sqflite_darwin:
    :path: ".symlinks/plugins/sqflite_darwin/darwin"
  webview_flutter_wkwebview:
    :path: ".symlinks/plugins/webview_flutter_wkwebview/darwin"

SPEC CHECKSUMS:
  Braintree: cef7388a3647515f1e0861e52200c2f3dad0f98f
  BraintreeDropIn: 89df35f840004affa22ebb8f06b12d20615411bf
  camera_avfoundation: be3be85408cd4126f250386828e9b1dfa40ab436
  Flutter: e0871f40cf51350855a761d2e70bf5af5b9b5de7
  flutter_braintree: c4f6460d249e22c7d084b0e12af1235886ba1323
  image_picker_ios: 7fe1ff8e34c1790d6fff70a32484959f563a928a
  path_provider_foundation: 080d55be775b7414fd5a5ef3ac137b97b097e564
  permission_handler_apple: 4ed2196e43d0651e8ff7ca3483a069d469701f2d
  shared_preferences_foundation: 9e1978ff2562383bd5676f64ec4e9aa8fa06a6f7
  sqflite_darwin: 20b2a3a3b70e43edae938624ce550a3cbf66a3d0
  webview_flutter_wkwebview: 1821ceac936eba6f7984d89a9f3bcb4dea99ebb2

PODFILE CHECKSUM: a26a729321a718330c25219c560574eed17c5840

COCOAPODS: 1.16.2
